// !$*UTF8*$!
{
	archiveVersion = 1;
	classes = {
	};
	objectVersion = 50;
	objects = {

/* Begin PBXBuildFile section */
		287456DF3910AEBA899A9614 /* Pods_UniversalTrending.framework in Frameworks */ = {isa = PBXBuildFile; fileRef = E461F8D81B34CD56FD1BD8B8 /* Pods_UniversalTrending.framework */; };
		9B7C52CBF02AB58137B416ED /* Pods_UniversalTrendingTests.framework in Frameworks */ = {isa = PBXBuildFile; fileRef = F3B7FA722C96082BA1B62097 /* Pods_UniversalTrendingTests.framework */; };
		C6664CC62274DB960096BB30 /* AppDelegate.swift in Sources */ = {isa = PBXBuildFile; fileRef = C6664CC52274DB960096BB30 /* AppDelegate.swift */; };
		C6664CC82274DB960096BB30 /* ViewController.swift in Sources */ = {isa = PBXBuildFile; fileRef = C6664CC72274DB960096BB30 /* ViewController.swift */; };
		C6664CCB2274DB960096BB30 /* Main.storyboard in Resources */ = {isa = PBXBuildFile; fileRef = C6664CC92274DB960096BB30 /* Main.storyboard */; };
		C6664CCD2274DB960096BB30 /* Assets.xcassets in Resources */ = {isa = PBXBuildFile; fileRef = C6664CCC2274DB960096BB30 /* Assets.xcassets */; };
		C6664CD02274DB960096BB30 /* LaunchScreen.storyboard in Resources */ = {isa = PBXBuildFile; fileRef = C6664CCE2274DB960096BB30 /* LaunchScreen.storyboard */; };
		C6664CDB2274DB970096BB30 /* UniversalTrendingTests.swift in Sources */ = {isa = PBXBuildFile; fileRef = C6664CDA2274DB970096BB30 /* UniversalTrendingTests.swift */; };
		C6664CE62274DB970096BB30 /* UniversalTrendingUITests.swift in Sources */ = {isa = PBXBuildFile; fileRef = C6664CE52274DB970096BB30 /* UniversalTrendingUITests.swift */; };
		C6DF52502274DC370074DAED /* GetTweets.storyboard in Resources */ = {isa = PBXBuildFile; fileRef = C6DF524F2274DC370074DAED /* GetTweets.storyboard */; };
		C6DF52522274DC590074DAED /* GetTweetsViewController.swift in Sources */ = {isa = PBXBuildFile; fileRef = C6DF52512274DC590074DAED /* GetTweetsViewController.swift */; };
		C6DF525E227525710074DAED /* GetTweet.swift in Sources */ = {isa = PBXBuildFile; fileRef = C6DF525D227525710074DAED /* GetTweet.swift */; };
		E1D246BBBCBBAE47261E6C0E /* Pods_UniversalTrendingUITests.framework in Frameworks */ = {isa = PBXBuildFile; fileRef = 5AC1B680373B794428F549C5 /* Pods_UniversalTrendingUITests.framework */; };
		F60D0F3B227529D9006558B8 /* Status.swift in Sources */ = {isa = PBXBuildFile; fileRef = F60D0F3A227529D9006558B8 /* Status.swift */; };
		F60D0F3D22753052006558B8 /* StatusChange.swift in Sources */ = {isa = PBXBuildFile; fileRef = F60D0F3C22753052006558B8 /* StatusChange.swift */; };
		F6F5560222754A92004684D3 /* TableViewCell.swift in Sources */ = {isa = PBXBuildFile; fileRef = F6F5560122754A92004684D3 /* TableViewCell.swift */; };
/* End PBXBuildFile section */

/* Begin PBXContainerItemProxy section */
		C6664CD72274DB970096BB30 /* PBXContainerItemProxy */ = {
			isa = PBXContainerItemProxy;
			containerPortal = C6664CBA2274DB950096BB30 /* Project object */;
			proxyType = 1;
			remoteGlobalIDString = C6664CC12274DB950096BB30;
			remoteInfo = UniversalTrending;
		};
		C6664CE22274DB970096BB30 /* PBXContainerItemProxy */ = {
			isa = PBXContainerItemProxy;
			containerPortal = C6664CBA2274DB950096BB30 /* Project object */;
			proxyType = 1;
			remoteGlobalIDString = C6664CC12274DB950096BB30;
			remoteInfo = UniversalTrending;
		};
/* End PBXContainerItemProxy section */

/* Begin PBXFileReference section */
		2D3D2797B29DBACCC6AB2BFF /* Pods-UniversalTrendingUITests.release.xcconfig */ = {isa = PBXFileReference; includeInIndex = 1; lastKnownFileType = text.xcconfig; name = "Pods-UniversalTrendingUITests.release.xcconfig"; path = "Target Support Files/Pods-UniversalTrendingUITests/Pods-UniversalTrendingUITests.release.xcconfig"; sourceTree = "<group>"; };
		52E34CEB03A5F0C386E82F59 /* Pods-UniversalTrendingTests.release.xcconfig */ = {isa = PBXFileReference; includeInIndex = 1; lastKnownFileType = text.xcconfig; name = "Pods-UniversalTrendingTests.release.xcconfig"; path = "Target Support Files/Pods-UniversalTrendingTests/Pods-UniversalTrendingTests.release.xcconfig"; sourceTree = "<group>"; };
		598BF8CDCE2B36EA99016702 /* Pods-UniversalTrendingUITests.debug.xcconfig */ = {isa = PBXFileReference; includeInIndex = 1; lastKnownFileType = text.xcconfig; name = "Pods-UniversalTrendingUITests.debug.xcconfig"; path = "Target Support Files/Pods-UniversalTrendingUITests/Pods-UniversalTrendingUITests.debug.xcconfig"; sourceTree = "<group>"; };
		5AC1B680373B794428F549C5 /* Pods_UniversalTrendingUITests.framework */ = {isa = PBXFileReference; explicitFileType = wrapper.framework; includeInIndex = 0; path = Pods_UniversalTrendingUITests.framework; sourceTree = BUILT_PRODUCTS_DIR; };
		8C7E8CC26240B7BC8641F673 /* Pods-UniversalTrending.release.xcconfig */ = {isa = PBXFileReference; includeInIndex = 1; lastKnownFileType = text.xcconfig; name = "Pods-UniversalTrending.release.xcconfig"; path = "Target Support Files/Pods-UniversalTrending/Pods-UniversalTrending.release.xcconfig"; sourceTree = "<group>"; };
		C6664CC22274DB960096BB30 /* UniversalTrending.app */ = {isa = PBXFileReference; explicitFileType = wrapper.application; includeInIndex = 0; path = UniversalTrending.app; sourceTree = BUILT_PRODUCTS_DIR; };
		C6664CC52274DB960096BB30 /* AppDelegate.swift */ = {isa = PBXFileReference; lastKnownFileType = sourcecode.swift; path = AppDelegate.swift; sourceTree = "<group>"; };
		C6664CC72274DB960096BB30 /* ViewController.swift */ = {isa = PBXFileReference; lastKnownFileType = sourcecode.swift; path = ViewController.swift; sourceTree = "<group>"; };
		C6664CCA2274DB960096BB30 /* Base */ = {isa = PBXFileReference; lastKnownFileType = file.storyboard; name = Base; path = Base.lproj/Main.storyboard; sourceTree = "<group>"; };
		C6664CCC2274DB960096BB30 /* Assets.xcassets */ = {isa = PBXFileReference; lastKnownFileType = folder.assetcatalog; path = Assets.xcassets; sourceTree = "<group>"; };
		C6664CCF2274DB960096BB30 /* Base */ = {isa = PBXFileReference; lastKnownFileType = file.storyboard; name = Base; path = Base.lproj/LaunchScreen.storyboard; sourceTree = "<group>"; };
		C6664CD12274DB960096BB30 /* Info.plist */ = {isa = PBXFileReference; lastKnownFileType = text.plist.xml; path = Info.plist; sourceTree = "<group>"; };
		C6664CD62274DB970096BB30 /* UniversalTrendingTests.xctest */ = {isa = PBXFileReference; explicitFileType = wrapper.cfbundle; includeInIndex = 0; path = UniversalTrendingTests.xctest; sourceTree = BUILT_PRODUCTS_DIR; };
		C6664CDA2274DB970096BB30 /* UniversalTrendingTests.swift */ = {isa = PBXFileReference; lastKnownFileType = sourcecode.swift; path = UniversalTrendingTests.swift; sourceTree = "<group>"; };
		C6664CDC2274DB970096BB30 /* Info.plist */ = {isa = PBXFileReference; lastKnownFileType = text.plist.xml; path = Info.plist; sourceTree = "<group>"; };
		C6664CE12274DB970096BB30 /* UniversalTrendingUITests.xctest */ = {isa = PBXFileReference; explicitFileType = wrapper.cfbundle; includeInIndex = 0; path = UniversalTrendingUITests.xctest; sourceTree = BUILT_PRODUCTS_DIR; };
		C6664CE52274DB970096BB30 /* UniversalTrendingUITests.swift */ = {isa = PBXFileReference; lastKnownFileType = sourcecode.swift; path = UniversalTrendingUITests.swift; sourceTree = "<group>"; };
		C6664CE72274DB970096BB30 /* Info.plist */ = {isa = PBXFileReference; lastKnownFileType = text.plist.xml; path = Info.plist; sourceTree = "<group>"; };
		C6DF524F2274DC370074DAED /* GetTweets.storyboard */ = {isa = PBXFileReference; lastKnownFileType = file.storyboard; path = GetTweets.storyboard; sourceTree = "<group>"; };
		C6DF52512274DC590074DAED /* GetTweetsViewController.swift */ = {isa = PBXFileReference; lastKnownFileType = sourcecode.swift; path = GetTweetsViewController.swift; sourceTree = "<group>"; };
		C6DF525D227525710074DAED /* GetTweet.swift */ = {isa = PBXFileReference; lastKnownFileType = sourcecode.swift; path = GetTweet.swift; sourceTree = "<group>"; };
		D79E7C121A54EE44766B182A /* Pods-UniversalTrending.debug.xcconfig */ = {isa = PBXFileReference; includeInIndex = 1; lastKnownFileType = text.xcconfig; name = "Pods-UniversalTrending.debug.xcconfig"; path = "Target Support Files/Pods-UniversalTrending/Pods-UniversalTrending.debug.xcconfig"; sourceTree = "<group>"; };
		E461F8D81B34CD56FD1BD8B8 /* Pods_UniversalTrending.framework */ = {isa = PBXFileReference; explicitFileType = wrapper.framework; includeInIndex = 0; path = Pods_UniversalTrending.framework; sourceTree = BUILT_PRODUCTS_DIR; };
		E8F3E29955C65A9E8DB8D698 /* Pods-UniversalTrendingTests.debug.xcconfig */ = {isa = PBXFileReference; includeInIndex = 1; lastKnownFileType = text.xcconfig; name = "Pods-UniversalTrendingTests.debug.xcconfig"; path = "Target Support Files/Pods-UniversalTrendingTests/Pods-UniversalTrendingTests.debug.xcconfig"; sourceTree = "<group>"; };
		F3B7FA722C96082BA1B62097 /* Pods_UniversalTrendingTests.framework */ = {isa = PBXFileReference; explicitFileType = wrapper.framework; includeInIndex = 0; path = Pods_UniversalTrendingTests.framework; sourceTree = BUILT_PRODUCTS_DIR; };
		F60D0F3A227529D9006558B8 /* Status.swift */ = {isa = PBXFileReference; lastKnownFileType = sourcecode.swift; path = Status.swift; sourceTree = "<group>"; };
		F60D0F3C22753052006558B8 /* StatusChange.swift */ = {isa = PBXFileReference; lastKnownFileType = sourcecode.swift; path = StatusChange.swift; sourceTree = "<group>"; };
		F6F5560122754A92004684D3 /* TableViewCell.swift */ = {isa = PBXFileReference; lastKnownFileType = sourcecode.swift; path = TableViewCell.swift; sourceTree = "<group>"; };
/* End PBXFileReference section */

/* Begin PBXFrameworksBuildPhase section */
		C6664CBF2274DB950096BB30 /* Frameworks */ = {
			isa = PBXFrameworksBuildPhase;
			buildActionMask = 2147483647;
			files = (
				287456DF3910AEBA899A9614 /* Pods_UniversalTrending.framework in Frameworks */,
			);
			runOnlyForDeploymentPostprocessing = 0;
		};
		C6664CD32274DB970096BB30 /* Frameworks */ = {
			isa = PBXFrameworksBuildPhase;
			buildActionMask = 2147483647;
			files = (
				9B7C52CBF02AB58137B416ED /* Pods_UniversalTrendingTests.framework in Frameworks */,
			);
			runOnlyForDeploymentPostprocessing = 0;
		};
		C6664CDE2274DB970096BB30 /* Frameworks */ = {
			isa = PBXFrameworksBuildPhase;
			buildActionMask = 2147483647;
			files = (
				E1D246BBBCBBAE47261E6C0E /* Pods_UniversalTrendingUITests.framework in Frameworks */,
			);
			runOnlyForDeploymentPostprocessing = 0;
		};
/* End PBXFrameworksBuildPhase section */

/* Begin PBXGroup section */
		187EF7060B30CB7805E43703 /* Pods */ = {
			isa = PBXGroup;
			children = (
				D79E7C121A54EE44766B182A /* Pods-UniversalTrending.debug.xcconfig */,
				8C7E8CC26240B7BC8641F673 /* Pods-UniversalTrending.release.xcconfig */,
				E8F3E29955C65A9E8DB8D698 /* Pods-UniversalTrendingTests.debug.xcconfig */,
				52E34CEB03A5F0C386E82F59 /* Pods-UniversalTrendingTests.release.xcconfig */,
				598BF8CDCE2B36EA99016702 /* Pods-UniversalTrendingUITests.debug.xcconfig */,
				2D3D2797B29DBACCC6AB2BFF /* Pods-UniversalTrendingUITests.release.xcconfig */,
			);
			path = Pods;
			sourceTree = "<group>";
		};
		69231F0052CB2A02A14DB7AA /* Frameworks */ = {
			isa = PBXGroup;
			children = (
				E461F8D81B34CD56FD1BD8B8 /* Pods_UniversalTrending.framework */,
				F3B7FA722C96082BA1B62097 /* Pods_UniversalTrendingTests.framework */,
				5AC1B680373B794428F549C5 /* Pods_UniversalTrendingUITests.framework */,
			);
			name = Frameworks;
			sourceTree = "<group>";
		};
		C6664CB92274DB950096BB30 = {
			isa = PBXGroup;
			children = (
				C6664CC42274DB960096BB30 /* UniversalTrending */,
				C6664CD92274DB970096BB30 /* UniversalTrendingTests */,
				C6664CE42274DB970096BB30 /* UniversalTrendingUITests */,
				C6664CC32274DB960096BB30 /* Products */,
				187EF7060B30CB7805E43703 /* Pods */,
				69231F0052CB2A02A14DB7AA /* Frameworks */,
			);
			sourceTree = "<group>";
		};
		C6664CC32274DB960096BB30 /* Products */ = {
			isa = PBXGroup;
			children = (
				C6664CC22274DB960096BB30 /* UniversalTrending.app */,
				C6664CD62274DB970096BB30 /* UniversalTrendingTests.xctest */,
				C6664CE12274DB970096BB30 /* UniversalTrendingUITests.xctest */,
			);
			name = Products;
			sourceTree = "<group>";
		};
		C6664CC42274DB960096BB30 /* UniversalTrending */ = {
			isa = PBXGroup;
			children = (
				C6DF524E2274DC1E0074DAED /* GetTweets */,
				C6DF524D2274DC040074DAED /* LaunchScreen */,
				C6DF524C2274DBF30074DAED /* Main */,
				C6DF524B2274DBEB0074DAED /* Base */,
				C6664CC52274DB960096BB30 /* AppDelegate.swift */,
				C6664CCC2274DB960096BB30 /* Assets.xcassets */,
				C6664CD12274DB960096BB30 /* Info.plist */,
			);
			path = UniversalTrending;
			sourceTree = "<group>";
		};
		C6664CD92274DB970096BB30 /* UniversalTrendingTests */ = {
			isa = PBXGroup;
			children = (
				C6664CDA2274DB970096BB30 /* UniversalTrendingTests.swift */,
				C6664CDC2274DB970096BB30 /* Info.plist */,
			);
			path = UniversalTrendingTests;
			sourceTree = "<group>";
		};
		C6664CE42274DB970096BB30 /* UniversalTrendingUITests */ = {
			isa = PBXGroup;
			children = (
				C6664CE52274DB970096BB30 /* UniversalTrendingUITests.swift */,
				C6664CE72274DB970096BB30 /* Info.plist */,
			);
			path = UniversalTrendingUITests;
			sourceTree = "<group>";
		};
		C6DF524B2274DBEB0074DAED /* Base */ = {
			isa = PBXGroup;
			children = (
			);
			path = Base;
			sourceTree = "<group>";
		};
		C6DF524C2274DBF30074DAED /* Main */ = {
			isa = PBXGroup;
			children = (
				C6664CC92274DB960096BB30 /* Main.storyboard */,
				F60D0F3C22753052006558B8 /* StatusChange.swift */,
				F60D0F3A227529D9006558B8 /* Status.swift */,
				C6664CC72274DB960096BB30 /* ViewController.swift */,
				C6DF525D227525710074DAED /* GetTweet.swift */,
				F6F5560122754A92004684D3 /* TableViewCell.swift */,
			);
			path = Main;
			sourceTree = "<group>";
		};
		C6DF524D2274DC040074DAED /* LaunchScreen */ = {
			isa = PBXGroup;
			children = (
				C6664CCE2274DB960096BB30 /* LaunchScreen.storyboard */,
			);
			path = LaunchScreen;
			sourceTree = "<group>";
		};
		C6DF524E2274DC1E0074DAED /* GetTweets */ = {
			isa = PBXGroup;
			children = (
				C6DF524F2274DC370074DAED /* GetTweets.storyboard */,
				C6DF52512274DC590074DAED /* GetTweetsViewController.swift */,
			);
			path = GetTweets;
			sourceTree = "<group>";
		};
/* End PBXGroup section */

/* Begin PBXNativeTarget section */
		C6664CC12274DB950096BB30 /* UniversalTrending */ = {
			isa = PBXNativeTarget;
			buildConfigurationList = C6664CEA2274DB970096BB30 /* Build configuration list for PBXNativeTarget "UniversalTrending" */;
			buildPhases = (
				CD79D348B24E04E5D4AAD5DC /* [CP] Check Pods Manifest.lock */,
				C6664CBE2274DB950096BB30 /* Sources */,
				C6664CBF2274DB950096BB30 /* Frameworks */,
				C6664CC02274DB950096BB30 /* Resources */,
				258697FA06FD368F34D047F5 /* [CP] Embed Pods Frameworks */,
				2DCAF4D476D6CCF1DFEAA590 /* [CP] Copy Pods Resources */,
			);
			buildRules = (
			);
			dependencies = (
			);
			name = UniversalTrending;
			productName = UniversalTrending;
			productReference = C6664CC22274DB960096BB30 /* UniversalTrending.app */;
			productType = "com.apple.product-type.application";
		};
		C6664CD52274DB970096BB30 /* UniversalTrendingTests */ = {
			isa = PBXNativeTarget;
			buildConfigurationList = C6664CED2274DB970096BB30 /* Build configuration list for PBXNativeTarget "UniversalTrendingTests" */;
			buildPhases = (
				4259958FF15B2FC15E100BDD /* [CP] Check Pods Manifest.lock */,
				C6664CD22274DB970096BB30 /* Sources */,
				C6664CD32274DB970096BB30 /* Frameworks */,
				C6664CD42274DB970096BB30 /* Resources */,
			);
			buildRules = (
			);
			dependencies = (
				C6664CD82274DB970096BB30 /* PBXTargetDependency */,
			);
			name = UniversalTrendingTests;
			productName = UniversalTrendingTests;
			productReference = C6664CD62274DB970096BB30 /* UniversalTrendingTests.xctest */;
			productType = "com.apple.product-type.bundle.unit-test";
		};
		C6664CE02274DB970096BB30 /* UniversalTrendingUITests */ = {
			isa = PBXNativeTarget;
			buildConfigurationList = C6664CF02274DB970096BB30 /* Build configuration list for PBXNativeTarget "UniversalTrendingUITests" */;
			buildPhases = (
				9C174EC2F5BB6AA66DC93B93 /* [CP] Check Pods Manifest.lock */,
				C6664CDD2274DB970096BB30 /* Sources */,
				C6664CDE2274DB970096BB30 /* Frameworks */,
				C6664CDF2274DB970096BB30 /* Resources */,
			);
			buildRules = (
			);
			dependencies = (
				C6664CE32274DB970096BB30 /* PBXTargetDependency */,
			);
			name = UniversalTrendingUITests;
			productName = UniversalTrendingUITests;
			productReference = C6664CE12274DB970096BB30 /* UniversalTrendingUITests.xctest */;
			productType = "com.apple.product-type.bundle.ui-testing";
		};
/* End PBXNativeTarget section */

/* Begin PBXProject section */
		C6664CBA2274DB950096BB30 /* Project object */ = {
			isa = PBXProject;
			attributes = {
				LastSwiftUpdateCheck = 1020;
				LastUpgradeCheck = 1020;
				ORGANIZATIONNAME = "Manuel Alejandro Aguilar Tellez Giron";
				TargetAttributes = {
					C6664CC12274DB950096BB30 = {
						CreatedOnToolsVersion = 10.2.1;
					};
					C6664CD52274DB970096BB30 = {
						CreatedOnToolsVersion = 10.2.1;
						TestTargetID = C6664CC12274DB950096BB30;
					};
					C6664CE02274DB970096BB30 = {
						CreatedOnToolsVersion = 10.2.1;
						TestTargetID = C6664CC12274DB950096BB30;
					};
				};
			};
			buildConfigurationList = C6664CBD2274DB950096BB30 /* Build configuration list for PBXProject "UniversalTrending" */;
			compatibilityVersion = "Xcode 9.3";
			developmentRegion = en;
			hasScannedForEncodings = 0;
			knownRegions = (
				en,
				Base,
			);
			mainGroup = C6664CB92274DB950096BB30;
			productRefGroup = C6664CC32274DB960096BB30 /* Products */;
			projectDirPath = "";
			projectRoot = "";
			targets = (
				C6664CC12274DB950096BB30 /* UniversalTrending */,
				C6664CD52274DB970096BB30 /* UniversalTrendingTests */,
				C6664CE02274DB970096BB30 /* UniversalTrendingUITests */,
			);
		};
/* End PBXProject section */

/* Begin PBXResourcesBuildPhase section */
		C6664CC02274DB950096BB30 /* Resources */ = {
			isa = PBXResourcesBuildPhase;
			buildActionMask = 2147483647;
			files = (
				C6664CD02274DB960096BB30 /* LaunchScreen.storyboard in Resources */,
				C6664CCD2274DB960096BB30 /* Assets.xcassets in Resources */,
				C6DF52502274DC370074DAED /* GetTweets.storyboard in Resources */,
				C6664CCB2274DB960096BB30 /* Main.storyboard in Resources */,
			);
			runOnlyForDeploymentPostprocessing = 0;
		};
		C6664CD42274DB970096BB30 /* Resources */ = {
			isa = PBXResourcesBuildPhase;
			buildActionMask = 2147483647;
			files = (
			);
			runOnlyForDeploymentPostprocessing = 0;
		};
		C6664CDF2274DB970096BB30 /* Resources */ = {
			isa = PBXResourcesBuildPhase;
			buildActionMask = 2147483647;
			files = (
			);
			runOnlyForDeploymentPostprocessing = 0;
		};
/* End PBXResourcesBuildPhase section */

/* Begin PBXShellScriptBuildPhase section */
		258697FA06FD368F34D047F5 /* [CP] Embed Pods Frameworks */ = {
			isa = PBXShellScriptBuildPhase;
			buildActionMask = 2147483647;
			files = (
			);
			inputFileListPaths = (
			);
			inputPaths = (
				"${PODS_ROOT}/Target Support Files/Pods-UniversalTrending/Pods-UniversalTrending-frameworks.sh",
				"${PODS_ROOT}/TwitterCore/iOS/TwitterCore.framework",
				"${PODS_ROOT}/TwitterKit/iOS/TwitterKit.framework",
			);
			name = "[CP] Embed Pods Frameworks";
			outputFileListPaths = (
			);
			outputPaths = (
				"${TARGET_BUILD_DIR}/${FRAMEWORKS_FOLDER_PATH}/TwitterCore.framework",
				"${TARGET_BUILD_DIR}/${FRAMEWORKS_FOLDER_PATH}/TwitterKit.framework",
			);
			runOnlyForDeploymentPostprocessing = 0;
			shellPath = /bin/sh;
			shellScript = "\"${PODS_ROOT}/Target Support Files/Pods-UniversalTrending/Pods-UniversalTrending-frameworks.sh\"\n";
			showEnvVarsInLog = 0;
		};
		2DCAF4D476D6CCF1DFEAA590 /* [CP] Copy Pods Resources */ = {
			isa = PBXShellScriptBuildPhase;
			buildActionMask = 2147483647;
			files = (
			);
			inputFileListPaths = (
			);
			inputPaths = (
				"${PODS_ROOT}/Target Support Files/Pods-UniversalTrending/Pods-UniversalTrending-resources.sh",
				"${PODS_ROOT}/TwitterKit/iOS/TwitterKit.framework/TwitterKitResources.bundle",
			);
			name = "[CP] Copy Pods Resources";
			outputFileListPaths = (
			);
			outputPaths = (
				"${TARGET_BUILD_DIR}/${UNLOCALIZED_RESOURCES_FOLDER_PATH}/TwitterKitResources.bundle",
			);
			runOnlyForDeploymentPostprocessing = 0;
			shellPath = /bin/sh;
			shellScript = "\"${PODS_ROOT}/Target Support Files/Pods-UniversalTrending/Pods-UniversalTrending-resources.sh\"\n";
			showEnvVarsInLog = 0;
		};
		4259958FF15B2FC15E100BDD /* [CP] Check Pods Manifest.lock */ = {
			isa = PBXShellScriptBuildPhase;
			buildActionMask = 2147483647;
			files = (
			);
			inputFileListPaths = (
			);
			inputPaths = (
				"${PODS_PODFILE_DIR_PATH}/Podfile.lock",
				"${PODS_ROOT}/Manifest.lock",
			);
			name = "[CP] Check Pods Manifest.lock";
			outputFileListPaths = (
			);
			outputPaths = (
				"$(DERIVED_FILE_DIR)/Pods-UniversalTrendingTests-checkManifestLockResult.txt",
			);
			runOnlyForDeploymentPostprocessing = 0;
			shellPath = /bin/sh;
			shellScript = "diff \"${PODS_PODFILE_DIR_PATH}/Podfile.lock\" \"${PODS_ROOT}/Manifest.lock\" > /dev/null\nif [ $? != 0 ] ; then\n    # print error to STDERR\n    echo \"error: The sandbox is not in sync with the Podfile.lock. Run 'pod install' or update your CocoaPods installation.\" >&2\n    exit 1\nfi\n# This output is used by Xcode 'outputs' to avoid re-running this script phase.\necho \"SUCCESS\" > \"${SCRIPT_OUTPUT_FILE_0}\"\n";
			showEnvVarsInLog = 0;
		};
		9C174EC2F5BB6AA66DC93B93 /* [CP] Check Pods Manifest.lock */ = {
			isa = PBXShellScriptBuildPhase;
			buildActionMask = 2147483647;
			files = (
			);
			inputFileListPaths = (
			);
			inputPaths = (
				"${PODS_PODFILE_DIR_PATH}/Podfile.lock",
				"${PODS_ROOT}/Manifest.lock",
			);
			name = "[CP] Check Pods Manifest.lock";
			outputFileListPaths = (
			);
			outputPaths = (
				"$(DERIVED_FILE_DIR)/Pods-UniversalTrendingUITests-checkManifestLockResult.txt",
			);
			runOnlyForDeploymentPostprocessing = 0;
			shellPath = /bin/sh;
			shellScript = "diff \"${PODS_PODFILE_DIR_PATH}/Podfile.lock\" \"${PODS_ROOT}/Manifest.lock\" > /dev/null\nif [ $? != 0 ] ; then\n    # print error to STDERR\n    echo \"error: The sandbox is not in sync with the Podfile.lock. Run 'pod install' or update your CocoaPods installation.\" >&2\n    exit 1\nfi\n# This output is used by Xcode 'outputs' to avoid re-running this script phase.\necho \"SUCCESS\" > \"${SCRIPT_OUTPUT_FILE_0}\"\n";
			showEnvVarsInLog = 0;
		};
		CD79D348B24E04E5D4AAD5DC /* [CP] Check Pods Manifest.lock */ = {
			isa = PBXShellScriptBuildPhase;
			buildActionMask = 2147483647;
			files = (
			);
			inputFileListPaths = (
			);
			inputPaths = (
				"${PODS_PODFILE_DIR_PATH}/Podfile.lock",
				"${PODS_ROOT}/Manifest.lock",
			);
			name = "[CP] Check Pods Manifest.lock";
			outputFileListPaths = (
			);
			outputPaths = (
				"$(DERIVED_FILE_DIR)/Pods-UniversalTrending-checkManifestLockResult.txt",
			);
			runOnlyForDeploymentPostprocessing = 0;
			shellPath = /bin/sh;
			shellScript = "diff \"${PODS_PODFILE_DIR_PATH}/Podfile.lock\" \"${PODS_ROOT}/Manifest.lock\" > /dev/null\nif [ $? != 0 ] ; then\n    # print error to STDERR\n    echo \"error: The sandbox is not in sync with the Podfile.lock. Run 'pod install' or update your CocoaPods installation.\" >&2\n    exit 1\nfi\n# This output is used by Xcode 'outputs' to avoid re-running this script phase.\necho \"SUCCESS\" > \"${SCRIPT_OUTPUT_FILE_0}\"\n";
			showEnvVarsInLog = 0;
		};
/* End PBXShellScriptBuildPhase section */

/* Begin PBXSourcesBuildPhase section */
		C6664CBE2274DB950096BB30 /* Sources */ = {
			isa = PBXSourcesBuildPhase;
			buildActionMask = 2147483647;
			files = (
				C6DF52522274DC590074DAED /* GetTweetsViewController.swift in Sources */,
				F60D0F3D22753052006558B8 /* StatusChange.swift in Sources */,
				F60D0F3B227529D9006558B8 /* Status.swift in Sources */,
				C6664CC82274DB960096BB30 /* ViewController.swift in Sources */,
				C6DF525E227525710074DAED /* GetTweet.swift in Sources */,
				F6F5560222754A92004684D3 /* TableViewCell.swift in Sources */,
				C6664CC62274DB960096BB30 /* AppDelegate.swift in Sources */,
			);
			runOnlyForDeploymentPostprocessing = 0;
		};
		C6664CD22274DB970096BB30 /* Sources */ = {
			isa = PBXSourcesBuildPhase;
			buildActionMask = 2147483647;
			files = (
				C6664CDB2274DB970096BB30 /* UniversalTrendingTests.swift in Sources */,
			);
			runOnlyForDeploymentPostprocessing = 0;
		};
		C6664CDD2274DB970096BB30 /* Sources */ = {
			isa = PBXSourcesBuildPhase;
			buildActionMask = 2147483647;
			files = (
				C6664CE62274DB970096BB30 /* UniversalTrendingUITests.swift in Sources */,
			);
			runOnlyForDeploymentPostprocessing = 0;
		};
/* End PBXSourcesBuildPhase section */

/* Begin PBXTargetDependency section */
		C6664CD82274DB970096BB30 /* PBXTargetDependency */ = {
			isa = PBXTargetDependency;
			target = C6664CC12274DB950096BB30 /* UniversalTrending */;
			targetProxy = C6664CD72274DB970096BB30 /* PBXContainerItemProxy */;
		};
		C6664CE32274DB970096BB30 /* PBXTargetDependency */ = {
			isa = PBXTargetDependency;
			target = C6664CC12274DB950096BB30 /* UniversalTrending */;
			targetProxy = C6664CE22274DB970096BB30 /* PBXContainerItemProxy */;
		};
/* End PBXTargetDependency section */

/* Begin PBXVariantGroup section */
		C6664CC92274DB960096BB30 /* Main.storyboard */ = {
			isa = PBXVariantGroup;
			children = (
				C6664CCA2274DB960096BB30 /* Base */,
			);
			name = Main.storyboard;
			sourceTree = "<group>";
		};
		C6664CCE2274DB960096BB30 /* LaunchScreen.storyboard */ = {
			isa = PBXVariantGroup;
			children = (
				C6664CCF2274DB960096BB30 /* Base */,
			);
			name = LaunchScreen.storyboard;
			sourceTree = "<group>";
		};
/* End PBXVariantGroup section */

/* Begin XCBuildConfiguration section */
		C6664CE82274DB970096BB30 /* Debug */ = {
			isa = XCBuildConfiguration;
			buildSettings = {
				ALWAYS_SEARCH_USER_PATHS = NO;
				CLANG_ANALYZER_NONNULL = YES;
				CLANG_ANALYZER_NUMBER_OBJECT_CONVERSION = YES_AGGRESSIVE;
				CLANG_CXX_LANGUAGE_STANDARD = "gnu++14";
				CLANG_CXX_LIBRARY = "libc++";
				CLANG_ENABLE_MODULES = YES;
				CLANG_ENABLE_OBJC_ARC = YES;
				CLANG_ENABLE_OBJC_WEAK = YES;
				CLANG_WARN_BLOCK_CAPTURE_AUTORELEASING = YES;
				CLANG_WARN_BOOL_CONVERSION = YES;
				CLANG_WARN_COMMA = YES;
				CLANG_WARN_CONSTANT_CONVERSION = YES;
				CLANG_WARN_DEPRECATED_OBJC_IMPLEMENTATIONS = YES;
				CLANG_WARN_DIRECT_OBJC_ISA_USAGE = YES_ERROR;
				CLANG_WARN_DOCUMENTATION_COMMENTS = YES;
				CLANG_WARN_EMPTY_BODY = YES;
				CLANG_WARN_ENUM_CONVERSION = YES;
				CLANG_WARN_INFINITE_RECURSION = YES;
				CLANG_WARN_INT_CONVERSION = YES;
				CLANG_WARN_NON_LITERAL_NULL_CONVERSION = YES;
				CLANG_WARN_OBJC_IMPLICIT_RETAIN_SELF = YES;
				CLANG_WARN_OBJC_LITERAL_CONVERSION = YES;
				CLANG_WARN_OBJC_ROOT_CLASS = YES_ERROR;
				CLANG_WARN_RANGE_LOOP_ANALYSIS = YES;
				CLANG_WARN_STRICT_PROTOTYPES = YES;
				CLANG_WARN_SUSPICIOUS_MOVE = YES;
				CLANG_WARN_UNGUARDED_AVAILABILITY = YES_AGGRESSIVE;
				CLANG_WARN_UNREACHABLE_CODE = YES;
				CLANG_WARN__DUPLICATE_METHOD_MATCH = YES;
				CODE_SIGN_IDENTITY = "iPhone Developer";
				COPY_PHASE_STRIP = NO;
				DEBUG_INFORMATION_FORMAT = dwarf;
				ENABLE_STRICT_OBJC_MSGSEND = YES;
				ENABLE_TESTABILITY = YES;
				GCC_C_LANGUAGE_STANDARD = gnu11;
				GCC_DYNAMIC_NO_PIC = NO;
				GCC_NO_COMMON_BLOCKS = YES;
				GCC_OPTIMIZATION_LEVEL = 0;
				GCC_PREPROCESSOR_DEFINITIONS = (
					"DEBUG=1",
					"$(inherited)",
				);
				GCC_WARN_64_TO_32_BIT_CONVERSION = YES;
				GCC_WARN_ABOUT_RETURN_TYPE = YES_ERROR;
				GCC_WARN_UNDECLARED_SELECTOR = YES;
				GCC_WARN_UNINITIALIZED_AUTOS = YES_AGGRESSIVE;
				GCC_WARN_UNUSED_FUNCTION = YES;
				GCC_WARN_UNUSED_VARIABLE = YES;
				IPHONEOS_DEPLOYMENT_TARGET = 12.2;
				MTL_ENABLE_DEBUG_INFO = INCLUDE_SOURCE;
				MTL_FAST_MATH = YES;
				ONLY_ACTIVE_ARCH = YES;
				SDKROOT = iphoneos;
				SWIFT_ACTIVE_COMPILATION_CONDITIONS = DEBUG;
				SWIFT_OPTIMIZATION_LEVEL = "-Onone";
			};
			name = Debug;
		};
		C6664CE92274DB970096BB30 /* Release */ = {
			isa = XCBuildConfiguration;
			buildSettings = {
				ALWAYS_SEARCH_USER_PATHS = NO;
				CLANG_ANALYZER_NONNULL = YES;
				CLANG_ANALYZER_NUMBER_OBJECT_CONVERSION = YES_AGGRESSIVE;
				CLANG_CXX_LANGUAGE_STANDARD = "gnu++14";
				CLANG_CXX_LIBRARY = "libc++";
				CLANG_ENABLE_MODULES = YES;
				CLANG_ENABLE_OBJC_ARC = YES;
				CLANG_ENABLE_OBJC_WEAK = YES;
				CLANG_WARN_BLOCK_CAPTURE_AUTORELEASING = YES;
				CLANG_WARN_BOOL_CONVERSION = YES;
				CLANG_WARN_COMMA = YES;
				CLANG_WARN_CONSTANT_CONVERSION = YES;
				CLANG_WARN_DEPRECATED_OBJC_IMPLEMENTATIONS = YES;
				CLANG_WARN_DIRECT_OBJC_ISA_USAGE = YES_ERROR;
				CLANG_WARN_DOCUMENTATION_COMMENTS = YES;
				CLANG_WARN_EMPTY_BODY = YES;
				CLANG_WARN_ENUM_CONVERSION = YES;
				CLANG_WARN_INFINITE_RECURSION = YES;
				CLANG_WARN_INT_CONVERSION = YES;
				CLANG_WARN_NON_LITERAL_NULL_CONVERSION = YES;
				CLANG_WARN_OBJC_IMPLICIT_RETAIN_SELF = YES;
				CLANG_WARN_OBJC_LITERAL_CONVERSION = YES;
				CLANG_WARN_OBJC_ROOT_CLASS = YES_ERROR;
				CLANG_WARN_RANGE_LOOP_ANALYSIS = YES;
				CLANG_WARN_STRICT_PROTOTYPES = YES;
				CLANG_WARN_SUSPICIOUS_MOVE = YES;
				CLANG_WARN_UNGUARDED_AVAILABILITY = YES_AGGRESSIVE;
				CLANG_WARN_UNREACHABLE_CODE = YES;
				CLANG_WARN__DUPLICATE_METHOD_MATCH = YES;
				CODE_SIGN_IDENTITY = "iPhone Developer";
				COPY_PHASE_STRIP = NO;
				DEBUG_INFORMATION_FORMAT = "dwarf-with-dsym";
				ENABLE_NS_ASSERTIONS = NO;
				ENABLE_STRICT_OBJC_MSGSEND = YES;
				GCC_C_LANGUAGE_STANDARD = gnu11;
				GCC_NO_COMMON_BLOCKS = YES;
				GCC_WARN_64_TO_32_BIT_CONVERSION = YES;
				GCC_WARN_ABOUT_RETURN_TYPE = YES_ERROR;
				GCC_WARN_UNDECLARED_SELECTOR = YES;
				GCC_WARN_UNINITIALIZED_AUTOS = YES_AGGRESSIVE;
				GCC_WARN_UNUSED_FUNCTION = YES;
				GCC_WARN_UNUSED_VARIABLE = YES;
				IPHONEOS_DEPLOYMENT_TARGET = 12.2;
				MTL_ENABLE_DEBUG_INFO = NO;
				MTL_FAST_MATH = YES;
				SDKROOT = iphoneos;
				SWIFT_COMPILATION_MODE = wholemodule;
				SWIFT_OPTIMIZATION_LEVEL = "-O";
				VALIDATE_PRODUCT = YES;
			};
			name = Release;
		};
		C6664CEB2274DB970096BB30 /* Debug */ = {
			isa = XCBuildConfiguration;
			baseConfigurationReference = D79E7C121A54EE44766B182A /* Pods-UniversalTrending.debug.xcconfig */;
			buildSettings = {
				ASSETCATALOG_COMPILER_APPICON_NAME = AppIcon;
				CODE_SIGN_STYLE = Automatic;
				DEVELOPMENT_TEAM = "";
				INFOPLIST_FILE = UniversalTrending/Info.plist;
				IPHONEOS_DEPLOYMENT_TARGET = 12.0;
				LD_RUNPATH_SEARCH_PATHS = (
					"$(inherited)",
					"@executable_path/Frameworks",
				);
				PRODUCT_BUNDLE_IDENTIFIER = UniversalTrending;
				PRODUCT_NAME = "$(TARGET_NAME)";
				SWIFT_VERSION = 5.0;
				TARGETED_DEVICE_FAMILY = "1,2";
			};
			name = Debug;
		};
		C6664CEC2274DB970096BB30 /* Release */ = {
			isa = XCBuildConfiguration;
			baseConfigurationReference = 8C7E8CC26240B7BC8641F673 /* Pods-UniversalTrending.release.xcconfig */;
			buildSettings = {
				ASSETCATALOG_COMPILER_APPICON_NAME = AppIcon;
				CODE_SIGN_STYLE = Automatic;
				DEVELOPMENT_TEAM = "";
				INFOPLIST_FILE = UniversalTrending/Info.plist;
				IPHONEOS_DEPLOYMENT_TARGET = 12.0;
				LD_RUNPATH_SEARCH_PATHS = (
					"$(inherited)",
					"@executable_path/Frameworks",
				);
				PRODUCT_BUNDLE_IDENTIFIER = UniversalTrending;
				PRODUCT_NAME = "$(TARGET_NAME)";
				SWIFT_VERSION = 5.0;
				TARGETED_DEVICE_FAMILY = "1,2";
			};
			name = Release;
		};
		C6664CEE2274DB970096BB30 /* Debug */ = {
			isa = XCBuildConfiguration;
			baseConfigurationReference = E8F3E29955C65A9E8DB8D698 /* Pods-UniversalTrendingTests.debug.xcconfig */;
			buildSettings = {
				ALWAYS_EMBED_SWIFT_STANDARD_LIBRARIES = YES;
				BUNDLE_LOADER = "$(TEST_HOST)";
				CODE_SIGN_STYLE = Automatic;
				DEVELOPMENT_TEAM = 93Z932827W;
				INFOPLIST_FILE = UniversalTrendingTests/Info.plist;
				LD_RUNPATH_SEARCH_PATHS = (
					"$(inherited)",
					"@executable_path/Frameworks",
					"@loader_path/Frameworks",
				);
				PRODUCT_BUNDLE_IDENTIFIER = none.UniversalTrendingTests;
				PRODUCT_NAME = "$(TARGET_NAME)";
				SWIFT_VERSION = 5.0;
				TARGETED_DEVICE_FAMILY = "1,2";
				TEST_HOST = "$(BUILT_PRODUCTS_DIR)/UniversalTrending.app/UniversalTrending";
			};
			name = Debug;
		};
		C6664CEF2274DB970096BB30 /* Release */ = {
			isa = XCBuildConfiguration;
			baseConfigurationReference = 52E34CEB03A5F0C386E82F59 /* Pods-UniversalTrendingTests.release.xcconfig */;
			buildSettings = {
				ALWAYS_EMBED_SWIFT_STANDARD_LIBRARIES = YES;
				BUNDLE_LOADER = "$(TEST_HOST)";
				CODE_SIGN_STYLE = Automatic;
				DEVELOPMENT_TEAM = 93Z932827W;
				INFOPLIST_FILE = UniversalTrendingTests/Info.plist;
				LD_RUNPATH_SEARCH_PATHS = (
					"$(inherited)",
					"@executable_path/Frameworks",
					"@loader_path/Frameworks",
				);
				PRODUCT_BUNDLE_IDENTIFIER = none.UniversalTrendingTests;
				PRODUCT_NAME = "$(TARGET_NAME)";
				SWIFT_VERSION = 5.0;
				TARGETED_DEVICE_FAMILY = "1,2";
				TEST_HOST = "$(BUILT_PRODUCTS_DIR)/UniversalTrending.app/UniversalTrending";
			};
			name = Release;
		};
		C6664CF12274DB970096BB30 /* Debug */ = {
			isa = XCBuildConfiguration;
			baseConfigurationReference = 598BF8CDCE2B36EA99016702 /* Pods-UniversalTrendingUITests.debug.xcconfig */;
			buildSettings = {
				ALWAYS_EMBED_SWIFT_STANDARD_LIBRARIES = YES;
				CODE_SIGN_STYLE = Automatic;
				DEVELOPMENT_TEAM = 93Z932827W;
				INFOPLIST_FILE = UniversalTrendingUITests/Info.plist;
				LD_RUNPATH_SEARCH_PATHS = (
					"$(inherited)",
					"@executable_path/Frameworks",
					"@loader_path/Frameworks",
				);
				PRODUCT_BUNDLE_IDENTIFIER = none.UniversalTrendingUITests;
				PRODUCT_NAME = "$(TARGET_NAME)";
				SWIFT_VERSION = 5.0;
				TARGETED_DEVICE_FAMILY = "1,2";
				TEST_TARGET_NAME = UniversalTrending;
			};
			name = Debug;
		};
		C6664CF22274DB970096BB30 /* Release */ = {
			isa = XCBuildConfiguration;
			baseConfigurationReference = 2D3D2797B29DBACCC6AB2BFF /* Pods-UniversalTrendingUITests.release.xcconfig */;
			buildSettings = {
				ALWAYS_EMBED_SWIFT_STANDARD_LIBRARIES = YES;
				CODE_SIGN_STYLE = Automatic;
				DEVELOPMENT_TEAM = 93Z932827W;
				INFOPLIST_FILE = UniversalTrendingUITests/Info.plist;
				LD_RUNPATH_SEARCH_PATHS = (
					"$(inherited)",
					"@executable_path/Frameworks",
					"@loader_path/Frameworks",
				);
				PRODUCT_BUNDLE_IDENTIFIER = none.UniversalTrendingUITests;
				PRODUCT_NAME = "$(TARGET_NAME)";
				SWIFT_VERSION = 5.0;
				TARGETED_DEVICE_FAMILY = "1,2";
				TEST_TARGET_NAME = UniversalTrending;
			};
			name = Release;
		};
/* End XCBuildConfiguration section */

/* Begin XCConfigurationList section */
		C6664CBD2274DB950096BB30 /* Build configuration list for PBXProject "UniversalTrending" */ = {
			isa = XCConfigurationList;
			buildConfigurations = (
				C6664CE82274DB970096BB30 /* Debug */,
				C6664CE92274DB970096BB30 /* Release */,
			);
			defaultConfigurationIsVisible = 0;
			defaultConfigurationName = Release;
		};
		C6664CEA2274DB970096BB30 /* Build configuration list for PBXNativeTarget "UniversalTrending" */ = {
			isa = XCConfigurationList;
			buildConfigurations = (
				C6664CEB2274DB970096BB30 /* Debug */,
				C6664CEC2274DB970096BB30 /* Release */,
			);
			defaultConfigurationIsVisible = 0;
			defaultConfigurationName = Release;
		};
		C6664CED2274DB970096BB30 /* Build configuration list for PBXNativeTarget "UniversalTrendingTests" */ = {
			isa = XCConfigurationList;
			buildConfigurations = (
				C6664CEE2274DB970096BB30 /* Debug */,
				C6664CEF2274DB970096BB30 /* Release */,
			);
			defaultConfigurationIsVisible = 0;
			defaultConfigurationName = Release;
		};
		C6664CF02274DB970096BB30 /* Build configuration list for PBXNativeTarget "UniversalTrendingUITests" */ = {
			isa = XCConfigurationList;
			buildConfigurations = (
				C6664CF12274DB970096BB30 /* Debug */,
				C6664CF22274DB970096BB30 /* Release */,
			);
			defaultConfigurationIsVisible = 0;
			defaultConfigurationName = Release;
		};
/* End XCConfigurationList section */
	};
	rootObject = C6664CBA2274DB950096BB30 /* Project object */;
}
